// !$*UTF8*$!
{
	archiveVersion = 1;
	classes = {
	};
	objectVersion = 56;
	objects = {

/* Begin PBXBuildFile section */
		C1C00E0A2B58547300396FD9 /* AnimalsFactsAppApp.swift in Sources */ = {isa = PBXBuildFile; fileRef = C1C00E092B58547300396FD9 /* AnimalsFactsAppApp.swift */; };
		C1C00E0E2B58547700396FD9 /* Assets.xcassets in Resources */ = {isa = PBXBuildFile; fileRef = C1C00E0D2B58547700396FD9 /* Assets.xcassets */; };
		C1C00E112B58547700396FD9 /* Preview Assets.xcassets in Resources */ = {isa = PBXBuildFile; fileRef = C1C00E102B58547700396FD9 /* Preview Assets.xcassets */; };
		C1C00E192B599D9600396FD9 /* ComposableArchitecture in Frameworks */ = {isa = PBXBuildFile; productRef = C1C00E182B599D9600396FD9 /* ComposableArchitecture */; };
		C1C00E1B2B59A12300396FD9 /* AnimalCategoriesView.swift in Sources */ = {isa = PBXBuildFile; fileRef = C1C00E1A2B59A12300396FD9 /* AnimalCategoriesView.swift */; };
		C1C00E1D2B59A22F00396FD9 /* AnimalCategoriesFeature.swift in Sources */ = {isa = PBXBuildFile; fileRef = C1C00E1C2B59A22F00396FD9 /* AnimalCategoriesFeature.swift */; };
		C1C00E1F2B59A74000396FD9 /* NetworkManagerDependency.swift in Sources */ = {isa = PBXBuildFile; fileRef = C1C00E1E2B59A74000396FD9 /* NetworkManagerDependency.swift */; };
		C1C00E242B59C41D00396FD9 /* ErrorViewModifier.swift in Sources */ = {isa = PBXBuildFile; fileRef = C1C00E232B59C41D00396FD9 /* ErrorViewModifier.swift */; };
		C1C00E262B59C44B00396FD9 /* LoadingViewModifier.swift in Sources */ = {isa = PBXBuildFile; fileRef = C1C00E252B59C44B00396FD9 /* LoadingViewModifier.swift */; };
		C1C00E292B5AAE9300396FD9 /* Extension+Color.swift in Sources */ = {isa = PBXBuildFile; fileRef = C1C00E282B5AAE9300396FD9 /* Extension+Color.swift */; };
		C1C00E2C2B5AAEC700396FD9 /* AnimalCategoryView.swift in Sources */ = {isa = PBXBuildFile; fileRef = C1C00E2B2B5AAEC700396FD9 /* AnimalCategoryView.swift */; };
		C1C00E2E2B5AB1A200396FD9 /* Extension+Image.swift in Sources */ = {isa = PBXBuildFile; fileRef = C1C00E2D2B5AB1A200396FD9 /* Extension+Image.swift */; };
		C1C00E302B5AB22E00396FD9 /* ComingSoonViewModifier.swift in Sources */ = {isa = PBXBuildFile; fileRef = C1C00E2F2B5AB22E00396FD9 /* ComingSoonViewModifier.swift */; };
		C1C00E332B5ABDDC00396FD9 /* AnimalCategory.swift in Sources */ = {isa = PBXBuildFile; fileRef = C1C00E322B5ABDDC00396FD9 /* AnimalCategory.swift */; };
		C1C00E352B5ABDF900396FD9 /* CategoryContent.swift in Sources */ = {isa = PBXBuildFile; fileRef = C1C00E342B5ABDF900396FD9 /* CategoryContent.swift */; };
		C1C00E372B5ABE1500396FD9 /* CategoryStatus.swift in Sources */ = {isa = PBXBuildFile; fileRef = C1C00E362B5ABE1400396FD9 /* CategoryStatus.swift */; };
		C1C00E392B5ACA2600396FD9 /* Extension+View.swift in Sources */ = {isa = PBXBuildFile; fileRef = C1C00E382B5ACA2600396FD9 /* Extension+View.swift */; };
		C1C00E3E2B5C0DAF00396FD9 /* Extension+Font.swift in Sources */ = {isa = PBXBuildFile; fileRef = C1C00E3D2B5C0DAE00396FD9 /* Extension+Font.swift */; };
		C1C00E412B5C10A300396FD9 /* AnimalDetailsView.swift in Sources */ = {isa = PBXBuildFile; fileRef = C1C00E402B5C10A300396FD9 /* AnimalDetailsView.swift */; };
		C1C00E432B5C112900396FD9 /* AnimalDetailsFeature.swift in Sources */ = {isa = PBXBuildFile; fileRef = C1C00E422B5C112900396FD9 /* AnimalDetailsFeature.swift */; };
		C1C00E452B5D17DE00396FD9 /* AdViewModifier.swift in Sources */ = {isa = PBXBuildFile; fileRef = C1C00E442B5D17DE00396FD9 /* AdViewModifier.swift */; };
		C1C00E472B5DB36600396FD9 /* ShareView.swift in Sources */ = {isa = PBXBuildFile; fileRef = C1C00E462B5DB36600396FD9 /* ShareView.swift */; };
		C1C00E492B5DB39100396FD9 /* ControlsButtonView.swift in Sources */ = {isa = PBXBuildFile; fileRef = C1C00E482B5DB39100396FD9 /* ControlsButtonView.swift */; };
		C1C00E4B2B5DB40F00396FD9 /* AnimalsFactsCarouselView.swift in Sources */ = {isa = PBXBuildFile; fileRef = C1C00E4A2B5DB40F00396FD9 /* AnimalsFactsCarouselView.swift */; };
		C1C00E4D2B5DB4F200396FD9 /* AnimalFactCardView.swift in Sources */ = {isa = PBXBuildFile; fileRef = C1C00E4C2B5DB4F200396FD9 /* AnimalFactCardView.swift */; };
		C1C00E4F2B5DB73900396FD9 /* Extension+Array.swift in Sources */ = {isa = PBXBuildFile; fileRef = C1C00E4E2B5DB73900396FD9 /* Extension+Array.swift */; };
/* End PBXBuildFile section */

/* Begin PBXFileReference section */
		C1C00E062B58547300396FD9 /* AnimalsFactsApp.app */ = {isa = PBXFileReference; explicitFileType = wrapper.application; includeInIndex = 0; path = AnimalsFactsApp.app; sourceTree = BUILT_PRODUCTS_DIR; };
		C1C00E092B58547300396FD9 /* AnimalsFactsAppApp.swift */ = {isa = PBXFileReference; lastKnownFileType = sourcecode.swift; path = AnimalsFactsAppApp.swift; sourceTree = "<group>"; };
		C1C00E0D2B58547700396FD9 /* Assets.xcassets */ = {isa = PBXFileReference; lastKnownFileType = folder.assetcatalog; path = Assets.xcassets; sourceTree = "<group>"; };
		C1C00E102B58547700396FD9 /* Preview Assets.xcassets */ = {isa = PBXFileReference; lastKnownFileType = folder.assetcatalog; path = "Preview Assets.xcassets"; sourceTree = "<group>"; };
		C1C00E1A2B59A12300396FD9 /* AnimalCategoriesView.swift */ = {isa = PBXFileReference; lastKnownFileType = sourcecode.swift; path = AnimalCategoriesView.swift; sourceTree = "<group>"; };
		C1C00E1C2B59A22F00396FD9 /* AnimalCategoriesFeature.swift */ = {isa = PBXFileReference; lastKnownFileType = sourcecode.swift; path = AnimalCategoriesFeature.swift; sourceTree = "<group>"; };
		C1C00E1E2B59A74000396FD9 /* NetworkManagerDependency.swift */ = {isa = PBXFileReference; lastKnownFileType = sourcecode.swift; path = NetworkManagerDependency.swift; sourceTree = "<group>"; };
		C1C00E232B59C41D00396FD9 /* ErrorViewModifier.swift */ = {isa = PBXFileReference; lastKnownFileType = sourcecode.swift; path = ErrorViewModifier.swift; sourceTree = "<group>"; };
		C1C00E252B59C44B00396FD9 /* LoadingViewModifier.swift */ = {isa = PBXFileReference; lastKnownFileType = sourcecode.swift; path = LoadingViewModifier.swift; sourceTree = "<group>"; };
		C1C00E282B5AAE9300396FD9 /* Extension+Color.swift */ = {isa = PBXFileReference; lastKnownFileType = sourcecode.swift; path = "Extension+Color.swift"; sourceTree = "<group>"; };
		C1C00E2B2B5AAEC700396FD9 /* AnimalCategoryView.swift */ = {isa = PBXFileReference; lastKnownFileType = sourcecode.swift; path = AnimalCategoryView.swift; sourceTree = "<group>"; };
		C1C00E2D2B5AB1A200396FD9 /* Extension+Image.swift */ = {isa = PBXFileReference; lastKnownFileType = sourcecode.swift; path = "Extension+Image.swift"; sourceTree = "<group>"; };
		C1C00E2F2B5AB22E00396FD9 /* ComingSoonViewModifier.swift */ = {isa = PBXFileReference; lastKnownFileType = sourcecode.swift; path = ComingSoonViewModifier.swift; sourceTree = "<group>"; };
		C1C00E322B5ABDDC00396FD9 /* AnimalCategory.swift */ = {isa = PBXFileReference; lastKnownFileType = sourcecode.swift; path = AnimalCategory.swift; sourceTree = "<group>"; };
		C1C00E342B5ABDF900396FD9 /* CategoryContent.swift */ = {isa = PBXFileReference; lastKnownFileType = sourcecode.swift; path = CategoryContent.swift; sourceTree = "<group>"; };
		C1C00E362B5ABE1400396FD9 /* CategoryStatus.swift */ = {isa = PBXFileReference; lastKnownFileType = sourcecode.swift; path = CategoryStatus.swift; sourceTree = "<group>"; };
		C1C00E382B5ACA2600396FD9 /* Extension+View.swift */ = {isa = PBXFileReference; lastKnownFileType = sourcecode.swift; path = "Extension+View.swift"; sourceTree = "<group>"; };
		C1C00E3D2B5C0DAE00396FD9 /* Extension+Font.swift */ = {isa = PBXFileReference; lastKnownFileType = sourcecode.swift; path = "Extension+Font.swift"; sourceTree = "<group>"; };
		C1C00E402B5C10A300396FD9 /* AnimalDetailsView.swift */ = {isa = PBXFileReference; lastKnownFileType = sourcecode.swift; path = AnimalDetailsView.swift; sourceTree = "<group>"; };
		C1C00E422B5C112900396FD9 /* AnimalDetailsFeature.swift */ = {isa = PBXFileReference; lastKnownFileType = sourcecode.swift; path = AnimalDetailsFeature.swift; sourceTree = "<group>"; };
		C1C00E442B5D17DE00396FD9 /* AdViewModifier.swift */ = {isa = PBXFileReference; lastKnownFileType = sourcecode.swift; path = AdViewModifier.swift; sourceTree = "<group>"; };
		C1C00E462B5DB36600396FD9 /* ShareView.swift */ = {isa = PBXFileReference; lastKnownFileType = sourcecode.swift; path = ShareView.swift; sourceTree = "<group>"; };
		C1C00E482B5DB39100396FD9 /* ControlsButtonView.swift */ = {isa = PBXFileReference; lastKnownFileType = sourcecode.swift; path = ControlsButtonView.swift; sourceTree = "<group>"; };
		C1C00E4A2B5DB40F00396FD9 /* AnimalsFactsCarouselView.swift */ = {isa = PBXFileReference; lastKnownFileType = sourcecode.swift; path = AnimalsFactsCarouselView.swift; sourceTree = "<group>"; };
		C1C00E4C2B5DB4F200396FD9 /* AnimalFactCardView.swift */ = {isa = PBXFileReference; lastKnownFileType = sourcecode.swift; path = AnimalFactCardView.swift; sourceTree = "<group>"; };
		C1C00E4E2B5DB73900396FD9 /* Extension+Array.swift */ = {isa = PBXFileReference; lastKnownFileType = sourcecode.swift; path = "Extension+Array.swift"; sourceTree = "<group>"; };
/* End PBXFileReference section */

/* Begin PBXFrameworksBuildPhase section */
		C1C00E032B58547300396FD9 /* Frameworks */ = {
			isa = PBXFrameworksBuildPhase;
			buildActionMask = 2147483647;
			files = (
				C1C00E192B599D9600396FD9 /* ComposableArchitecture in Frameworks */,
			);
			runOnlyForDeploymentPostprocessing = 0;
		};
/* End PBXFrameworksBuildPhase section */

/* Begin PBXGroup section */
		C1C00DFD2B58547300396FD9 = {
			isa = PBXGroup;
			children = (
				C1C00E082B58547300396FD9 /* AnimalsFactsApp */,
				C1C00E072B58547300396FD9 /* Products */,
			);
			sourceTree = "<group>";
		};
		C1C00E072B58547300396FD9 /* Products */ = {
			isa = PBXGroup;
			children = (
				C1C00E062B58547300396FD9 /* AnimalsFactsApp.app */,
			);
			name = Products;
			sourceTree = "<group>";
		};
		C1C00E082B58547300396FD9 /* AnimalsFactsApp */ = {
			isa = PBXGroup;
			children = (
				C1C00E092B58547300396FD9 /* AnimalsFactsAppApp.swift */,
				C1C00E3A2B5AE3A000396FD9 /* Dependencies */,
				C1C00E3B2B5AE3D500396FD9 /* AnimalCategories */,
				C1C00E3F2B5C108400396FD9 /* AnimalDetails */,
				C1C00E312B5ABDBC00396FD9 /* Models */,
				C1C00E2A2B5AAEB900396FD9 /* Views */,
				C1C00E272B5AAE7300396FD9 /* Extensions */,
				C1C00E202B59C3F600396FD9 /* ViewModifiers */,
				C1C00E3C2B5AE3EC00396FD9 /* Support files */,
				C1C00E0F2B58547700396FD9 /* Preview Content */,
			);
			path = AnimalsFactsApp;
			sourceTree = "<group>";
		};
		C1C00E0F2B58547700396FD9 /* Preview Content */ = {
			isa = PBXGroup;
			children = (
				C1C00E102B58547700396FD9 /* Preview Assets.xcassets */,
			);
			path = "Preview Content";
			sourceTree = "<group>";
		};
		C1C00E202B59C3F600396FD9 /* ViewModifiers */ = {
			isa = PBXGroup;
			children = (
				C1C00E232B59C41D00396FD9 /* ErrorViewModifier.swift */,
				C1C00E252B59C44B00396FD9 /* LoadingViewModifier.swift */,
				C1C00E2F2B5AB22E00396FD9 /* ComingSoonViewModifier.swift */,
				C1C00E442B5D17DE00396FD9 /* AdViewModifier.swift */,
			);
			path = ViewModifiers;
			sourceTree = "<group>";
		};
		C1C00E272B5AAE7300396FD9 /* Extensions */ = {
			isa = PBXGroup;
			children = (
				C1C00E282B5AAE9300396FD9 /* Extension+Color.swift */,
				C1C00E2D2B5AB1A200396FD9 /* Extension+Image.swift */,
				C1C00E382B5ACA2600396FD9 /* Extension+View.swift */,
				C1C00E3D2B5C0DAE00396FD9 /* Extension+Font.swift */,
				C1C00E4E2B5DB73900396FD9 /* Extension+Array.swift */,
			);
			path = Extensions;
			sourceTree = "<group>";
		};
		C1C00E2A2B5AAEB900396FD9 /* Views */ = {
			isa = PBXGroup;
			children = (
				C1C00E2B2B5AAEC700396FD9 /* AnimalCategoryView.swift */,
				C1C00E462B5DB36600396FD9 /* ShareView.swift */,
				C1C00E482B5DB39100396FD9 /* ControlsButtonView.swift */,
				C1C00E4A2B5DB40F00396FD9 /* AnimalsFactsCarouselView.swift */,
				C1C00E4C2B5DB4F200396FD9 /* AnimalFactCardView.swift */,
			);
			path = Views;
			sourceTree = "<group>";
		};
		C1C00E312B5ABDBC00396FD9 /* Models */ = {
			isa = PBXGroup;
			children = (
				C1C00E322B5ABDDC00396FD9 /* AnimalCategory.swift */,
				C1C00E342B5ABDF900396FD9 /* CategoryContent.swift */,
				C1C00E362B5ABE1400396FD9 /* CategoryStatus.swift */,
			);
			path = Models;
			sourceTree = "<group>";
		};
		C1C00E3A2B5AE3A000396FD9 /* Dependencies */ = {
			isa = PBXGroup;
			children = (
				C1C00E1E2B59A74000396FD9 /* NetworkManagerDependency.swift */,
			);
			path = Dependencies;
			sourceTree = "<group>";
		};
		C1C00E3B2B5AE3D500396FD9 /* AnimalCategories */ = {
			isa = PBXGroup;
			children = (
				C1C00E1A2B59A12300396FD9 /* AnimalCategoriesView.swift */,
				C1C00E1C2B59A22F00396FD9 /* AnimalCategoriesFeature.swift */,
			);
			path = AnimalCategories;
			sourceTree = "<group>";
		};
		C1C00E3C2B5AE3EC00396FD9 /* Support files */ = {
			isa = PBXGroup;
			children = (
				C1C00E0D2B58547700396FD9 /* Assets.xcassets */,
			);
			path = "Support files";
			sourceTree = "<group>";
		};
		C1C00E3F2B5C108400396FD9 /* AnimalDetails */ = {
			isa = PBXGroup;
			children = (
				C1C00E402B5C10A300396FD9 /* AnimalDetailsView.swift */,
				C1C00E422B5C112900396FD9 /* AnimalDetailsFeature.swift */,
			);
			path = AnimalDetails;
			sourceTree = "<group>";
		};
/* End PBXGroup section */

/* Begin PBXNativeTarget section */
		C1C00E052B58547300396FD9 /* AnimalsFactsApp */ = {
			isa = PBXNativeTarget;
			buildConfigurationList = C1C00E142B58547700396FD9 /* Build configuration list for PBXNativeTarget "AnimalsFactsApp" */;
			buildPhases = (
				C1C00E022B58547300396FD9 /* Sources */,
				C1C00E032B58547300396FD9 /* Frameworks */,
				C1C00E042B58547300396FD9 /* Resources */,
			);
			buildRules = (
			);
			dependencies = (
			);
			name = AnimalsFactsApp;
			packageProductDependencies = (
				C1C00E182B599D9600396FD9 /* ComposableArchitecture */,
			);
			productName = AnimalsFactsApp;
			productReference = C1C00E062B58547300396FD9 /* AnimalsFactsApp.app */;
			productType = "com.apple.product-type.application";
		};
/* End PBXNativeTarget section */

/* Begin PBXProject section */
		C1C00DFE2B58547300396FD9 /* Project object */ = {
			isa = PBXProject;
			attributes = {
				BuildIndependentTargetsInParallel = 1;
				LastSwiftUpdateCheck = 1500;
				LastUpgradeCheck = 1500;
				TargetAttributes = {
					C1C00E052B58547300396FD9 = {
						CreatedOnToolsVersion = 15.0;
					};
				};
			};
			buildConfigurationList = C1C00E012B58547300396FD9 /* Build configuration list for PBXProject "AnimalsFactsApp" */;
			compatibilityVersion = "Xcode 14.0";
			developmentRegion = en;
			hasScannedForEncodings = 0;
			knownRegions = (
				en,
				Base,
			);
			mainGroup = C1C00DFD2B58547300396FD9;
			packageReferences = (
				C1C00E172B599D9600396FD9 /* XCRemoteSwiftPackageReference "swift-composable-architecture" */,
			);
			productRefGroup = C1C00E072B58547300396FD9 /* Products */;
			projectDirPath = "";
			projectRoot = "";
			targets = (
				C1C00E052B58547300396FD9 /* AnimalsFactsApp */,
			);
		};
/* End PBXProject section */

/* Begin PBXResourcesBuildPhase section */
		C1C00E042B58547300396FD9 /* Resources */ = {
			isa = PBXResourcesBuildPhase;
			buildActionMask = 2147483647;
			files = (
				C1C00E112B58547700396FD9 /* Preview Assets.xcassets in Resources */,
				C1C00E0E2B58547700396FD9 /* Assets.xcassets in Resources */,
			);
			runOnlyForDeploymentPostprocessing = 0;
		};
/* End PBXResourcesBuildPhase section */

/* Begin PBXSourcesBuildPhase section */
		C1C00E022B58547300396FD9 /* Sources */ = {
			isa = PBXSourcesBuildPhase;
			buildActionMask = 2147483647;
			files = (
				C1C00E3E2B5C0DAF00396FD9 /* Extension+Font.swift in Sources */,
				C1C00E262B59C44B00396FD9 /* LoadingViewModifier.swift in Sources */,
				C1C00E4D2B5DB4F200396FD9 /* AnimalFactCardView.swift in Sources */,
				C1C00E1B2B59A12300396FD9 /* AnimalCategoriesView.swift in Sources */,
				C1C00E292B5AAE9300396FD9 /* Extension+Color.swift in Sources */,
				C1C00E4B2B5DB40F00396FD9 /* AnimalsFactsCarouselView.swift in Sources */,
				C1C00E242B59C41D00396FD9 /* ErrorViewModifier.swift in Sources */,
				C1C00E412B5C10A300396FD9 /* AnimalDetailsView.swift in Sources */,
				C1C00E332B5ABDDC00396FD9 /* AnimalCategory.swift in Sources */,
				C1C00E492B5DB39100396FD9 /* ControlsButtonView.swift in Sources */,
				C1C00E1F2B59A74000396FD9 /* NetworkManagerDependency.swift in Sources */,
				C1C00E4F2B5DB73900396FD9 /* Extension+Array.swift in Sources */,
				C1C00E1D2B59A22F00396FD9 /* AnimalCategoriesFeature.swift in Sources */,
				C1C00E372B5ABE1500396FD9 /* CategoryStatus.swift in Sources */,
				C1C00E452B5D17DE00396FD9 /* AdViewModifier.swift in Sources */,
				C1C00E2E2B5AB1A200396FD9 /* Extension+Image.swift in Sources */,
				C1C00E2C2B5AAEC700396FD9 /* AnimalCategoryView.swift in Sources */,
				C1C00E432B5C112900396FD9 /* AnimalDetailsFeature.swift in Sources */,
				C1C00E392B5ACA2600396FD9 /* Extension+View.swift in Sources */,
				C1C00E352B5ABDF900396FD9 /* CategoryContent.swift in Sources */,
				C1C00E0A2B58547300396FD9 /* AnimalsFactsAppApp.swift in Sources */,
				C1C00E472B5DB36600396FD9 /* ShareView.swift in Sources */,
				C1C00E302B5AB22E00396FD9 /* ComingSoonViewModifier.swift in Sources */,
			);
			runOnlyForDeploymentPostprocessing = 0;
		};
/* End PBXSourcesBuildPhase section */

/* Begin XCBuildConfiguration section */
		C1C00E122B58547700396FD9 /* Debug */ = {
			isa = XCBuildConfiguration;
			buildSettings = {
				ALWAYS_SEARCH_USER_PATHS = NO;
				ASSETCATALOG_COMPILER_GENERATE_SWIFT_ASSET_SYMBOL_EXTENSIONS = YES;
				CLANG_ANALYZER_NONNULL = YES;
				CLANG_ANALYZER_NUMBER_OBJECT_CONVERSION = YES_AGGRESSIVE;
				CLANG_CXX_LANGUAGE_STANDARD = "gnu++20";
				CLANG_ENABLE_MODULES = YES;
				CLANG_ENABLE_OBJC_ARC = YES;
				CLANG_ENABLE_OBJC_WEAK = YES;
				CLANG_WARN_BLOCK_CAPTURE_AUTORELEASING = YES;
				CLANG_WARN_BOOL_CONVERSION = YES;
				CLANG_WARN_COMMA = YES;
				CLANG_WARN_CONSTANT_CONVERSION = YES;
				CLANG_WARN_DEPRECATED_OBJC_IMPLEMENTATIONS = YES;
				CLANG_WARN_DIRECT_OBJC_ISA_USAGE = YES_ERROR;
				CLANG_WARN_DOCUMENTATION_COMMENTS = YES;
				CLANG_WARN_EMPTY_BODY = YES;
				CLANG_WARN_ENUM_CONVERSION = YES;
				CLANG_WARN_INFINITE_RECURSION = YES;
				CLANG_WARN_INT_CONVERSION = YES;
				CLANG_WARN_NON_LITERAL_NULL_CONVERSION = YES;
				CLANG_WARN_OBJC_IMPLICIT_RETAIN_SELF = YES;
				CLANG_WARN_OBJC_LITERAL_CONVERSION = YES;
				CLANG_WARN_OBJC_ROOT_CLASS = YES_ERROR;
				CLANG_WARN_QUOTED_INCLUDE_IN_FRAMEWORK_HEADER = YES;
				CLANG_WARN_RANGE_LOOP_ANALYSIS = YES;
				CLANG_WARN_STRICT_PROTOTYPES = YES;
				CLANG_WARN_SUSPICIOUS_MOVE = YES;
				CLANG_WARN_UNGUARDED_AVAILABILITY = YES_AGGRESSIVE;
				CLANG_WARN_UNREACHABLE_CODE = YES;
				CLANG_WARN__DUPLICATE_METHOD_MATCH = YES;
				COPY_PHASE_STRIP = NO;
				DEBUG_INFORMATION_FORMAT = dwarf;
				ENABLE_STRICT_OBJC_MSGSEND = YES;
				ENABLE_TESTABILITY = YES;
				ENABLE_USER_SCRIPT_SANDBOXING = YES;
				GCC_C_LANGUAGE_STANDARD = gnu17;
				GCC_DYNAMIC_NO_PIC = NO;
				GCC_NO_COMMON_BLOCKS = YES;
				GCC_OPTIMIZATION_LEVEL = 0;
				GCC_PREPROCESSOR_DEFINITIONS = (
					"DEBUG=1",
					"$(inherited)",
				);
				GCC_WARN_64_TO_32_BIT_CONVERSION = YES;
				GCC_WARN_ABOUT_RETURN_TYPE = YES_ERROR;
				GCC_WARN_UNDECLARED_SELECTOR = YES;
				GCC_WARN_UNINITIALIZED_AUTOS = YES_AGGRESSIVE;
				GCC_WARN_UNUSED_FUNCTION = YES;
				GCC_WARN_UNUSED_VARIABLE = YES;
				IPHONEOS_DEPLOYMENT_TARGET = 16.0;
				LOCALIZATION_PREFERS_STRING_CATALOGS = YES;
				MTL_ENABLE_DEBUG_INFO = INCLUDE_SOURCE;
				MTL_FAST_MATH = YES;
				ONLY_ACTIVE_ARCH = YES;
				SDKROOT = iphoneos;
				SWIFT_ACTIVE_COMPILATION_CONDITIONS = "DEBUG $(inherited)";
				SWIFT_OPTIMIZATION_LEVEL = "-Onone";
			};
			name = Debug;
		};
		C1C00E132B58547700396FD9 /* Release */ = {
			isa = XCBuildConfiguration;
			buildSettings = {
				ALWAYS_SEARCH_USER_PATHS = NO;
				ASSETCATALOG_COMPILER_GENERATE_SWIFT_ASSET_SYMBOL_EXTENSIONS = YES;
				CLANG_ANALYZER_NONNULL = YES;
				CLANG_ANALYZER_NUMBER_OBJECT_CONVERSION = YES_AGGRESSIVE;
				CLANG_CXX_LANGUAGE_STANDARD = "gnu++20";
				CLANG_ENABLE_MODULES = YES;
				CLANG_ENABLE_OBJC_ARC = YES;
				CLANG_ENABLE_OBJC_WEAK = YES;
				CLANG_WARN_BLOCK_CAPTURE_AUTORELEASING = YES;
				CLANG_WARN_BOOL_CONVERSION = YES;
				CLANG_WARN_COMMA = YES;
				CLANG_WARN_CONSTANT_CONVERSION = YES;
				CLANG_WARN_DEPRECATED_OBJC_IMPLEMENTATIONS = YES;
				CLANG_WARN_DIRECT_OBJC_ISA_USAGE = YES_ERROR;
				CLANG_WARN_DOCUMENTATION_COMMENTS = YES;
				CLANG_WARN_EMPTY_BODY = YES;
				CLANG_WARN_ENUM_CONVERSION = YES;
				CLANG_WARN_INFINITE_RECURSION = YES;
				CLANG_WARN_INT_CONVERSION = YES;
				CLANG_WARN_NON_LITERAL_NULL_CONVERSION = YES;
				CLANG_WARN_OBJC_IMPLICIT_RETAIN_SELF = YES;
				CLANG_WARN_OBJC_LITERAL_CONVERSION = YES;
				CLANG_WARN_OBJC_ROOT_CLASS = YES_ERROR;
				CLANG_WARN_QUOTED_INCLUDE_IN_FRAMEWORK_HEADER = YES;
				CLANG_WARN_RANGE_LOOP_ANALYSIS = YES;
				CLANG_WARN_STRICT_PROTOTYPES = YES;
				CLANG_WARN_SUSPICIOUS_MOVE = YES;
				CLANG_WARN_UNGUARDED_AVAILABILITY = YES_AGGRESSIVE;
				CLANG_WARN_UNREACHABLE_CODE = YES;
				CLANG_WARN__DUPLICATE_METHOD_MATCH = YES;
				COPY_PHASE_STRIP = NO;
				DEBUG_INFORMATION_FORMAT = "dwarf-with-dsym";
				ENABLE_NS_ASSERTIONS = NO;
				ENABLE_STRICT_OBJC_MSGSEND = YES;
				ENABLE_USER_SCRIPT_SANDBOXING = YES;
				GCC_C_LANGUAGE_STANDARD = gnu17;
				GCC_NO_COMMON_BLOCKS = YES;
				GCC_WARN_64_TO_32_BIT_CONVERSION = YES;
				GCC_WARN_ABOUT_RETURN_TYPE = YES_ERROR;
				GCC_WARN_UNDECLARED_SELECTOR = YES;
				GCC_WARN_UNINITIALIZED_AUTOS = YES_AGGRESSIVE;
				GCC_WARN_UNUSED_FUNCTION = YES;
				GCC_WARN_UNUSED_VARIABLE = YES;
				IPHONEOS_DEPLOYMENT_TARGET = 16.0;
				LOCALIZATION_PREFERS_STRING_CATALOGS = YES;
				MTL_ENABLE_DEBUG_INFO = NO;
				MTL_FAST_MATH = YES;
				SDKROOT = iphoneos;
				SWIFT_COMPILATION_MODE = wholemodule;
				VALIDATE_PRODUCT = YES;
			};
			name = Release;
		};
		C1C00E152B58547700396FD9 /* Debug */ = {
			isa = XCBuildConfiguration;
			buildSettings = {
				ASSETCATALOG_COMPILER_APPICON_NAME = AppIcon;
				ASSETCATALOG_COMPILER_GLOBAL_ACCENT_COLOR_NAME = AccentColor;
				CODE_SIGN_STYLE = Automatic;
				CURRENT_PROJECT_VERSION = 1;
				DEVELOPMENT_ASSET_PATHS = "\"AnimalsFactsApp/Preview Content\"";
				DEVELOPMENT_TEAM = 9964CXZHWZ;
				ENABLE_PREVIEWS = YES;
				GENERATE_INFOPLIST_FILE = YES;
				INFOPLIST_KEY_UIApplicationSceneManifest_Generation = YES;
				INFOPLIST_KEY_UIApplicationSupportsIndirectInputEvents = YES;
				INFOPLIST_KEY_UILaunchScreen_Generation = YES;
				INFOPLIST_KEY_UISupportedInterfaceOrientations = UIInterfaceOrientationPortrait;
				INFOPLIST_KEY_UISupportedInterfaceOrientations_iPad = "UIInterfaceOrientationLandscapeLeft UIInterfaceOrientationLandscapeRight UIInterfaceOrientationPortrait UIInterfaceOrientationPortraitUpsideDown";
				IPHONEOS_DEPLOYMENT_TARGET = 16.0;
				LD_RUNPATH_SEARCH_PATHS = (
					"$(inherited)",
					"@executable_path/Frameworks",
				);
				MARKETING_VERSION = 1.0;
				PRODUCT_BUNDLE_IDENTIFIER = olehStasiv.AnimalsFactsApp;
				PRODUCT_NAME = "$(TARGET_NAME)";
				SUPPORTED_PLATFORMS = "iphoneos iphonesimulator";
				SUPPORTS_MACCATALYST = NO;
				SWIFT_EMIT_LOC_STRINGS = YES;
				SWIFT_VERSION = 5.0;
				TARGETED_DEVICE_FAMILY = 1;
			};
			name = Debug;
		};
		C1C00E162B58547700396FD9 /* Release */ = {
			isa = XCBuildConfiguration;
			buildSettings = {
				ASSETCATALOG_COMPILER_APPICON_NAME = AppIcon;
				ASSETCATALOG_COMPILER_GLOBAL_ACCENT_COLOR_NAME = AccentColor;
				CODE_SIGN_STYLE = Automatic;
				CURRENT_PROJECT_VERSION = 1;
				DEVELOPMENT_ASSET_PATHS = "\"AnimalsFactsApp/Preview Content\"";
				DEVELOPMENT_TEAM = 9964CXZHWZ;
				ENABLE_PREVIEWS = YES;
				GENERATE_INFOPLIST_FILE = YES;
				INFOPLIST_KEY_UIApplicationSceneManifest_Generation = YES;
				INFOPLIST_KEY_UIApplicationSupportsIndirectInputEvents = YES;
				INFOPLIST_KEY_UILaunchScreen_Generation = YES;
				INFOPLIST_KEY_UISupportedInterfaceOrientations = UIInterfaceOrientationPortrait;
				INFOPLIST_KEY_UISupportedInterfaceOrientations_iPad = "UIInterfaceOrientationLandscapeLeft UIInterfaceOrientationLandscapeRight UIInterfaceOrientationPortrait UIInterfaceOrientationPortraitUpsideDown";
				IPHONEOS_DEPLOYMENT_TARGET = 16.0;
				LD_RUNPATH_SEARCH_PATHS = (
					"$(inherited)",
					"@executable_path/Frameworks",
				);
				MARKETING_VERSION = 1.0;
				PRODUCT_BUNDLE_IDENTIFIER = olehStasiv.AnimalsFactsApp;
				PRODUCT_NAME = "$(TARGET_NAME)";
				SUPPORTED_PLATFORMS = "iphoneos iphonesimulator";
				SUPPORTS_MACCATALYST = NO;
				SWIFT_EMIT_LOC_STRINGS = YES;
				SWIFT_VERSION = 5.0;
				TARGETED_DEVICE_FAMILY = 1;
			};
			name = Release;
		};
/* End XCBuildConfiguration section */

/* Begin XCConfigurationList section */
		C1C00E012B58547300396FD9 /* Build configuration list for PBXProject "AnimalsFactsApp" */ = {
			isa = XCConfigurationList;
			buildConfigurations = (
				C1C00E122B58547700396FD9 /* Debug */,
				C1C00E132B58547700396FD9 /* Release */,
			);
			defaultConfigurationIsVisible = 0;
			defaultConfigurationName = Release;
		};
		C1C00E142B58547700396FD9 /* Build configuration list for PBXNativeTarget "AnimalsFactsApp" */ = {
			isa = XCConfigurationList;
			buildConfigurations = (
				C1C00E152B58547700396FD9 /* Debug */,
				C1C00E162B58547700396FD9 /* Release */,
			);
			defaultConfigurationIsVisible = 0;
			defaultConfigurationName = Release;
		};
/* End XCConfigurationList section */

/* Begin XCRemoteSwiftPackageReference section */
		C1C00E172B599D9600396FD9 /* XCRemoteSwiftPackageReference "swift-composable-architecture" */ = {
			isa = XCRemoteSwiftPackageReference;
			repositoryURL = "https://github.com/pointfreeco/swift-composable-architecture";
			requirement = {
				kind = upToNextMajorVersion;
				minimumVersion = 1.6.0;
			};
		};
/* End XCRemoteSwiftPackageReference section */

/* Begin XCSwiftPackageProductDependency section */
		C1C00E182B599D9600396FD9 /* ComposableArchitecture */ = {
			isa = XCSwiftPackageProductDependency;
			package = C1C00E172B599D9600396FD9 /* XCRemoteSwiftPackageReference "swift-composable-architecture" */;
			productName = ComposableArchitecture;
		};
/* End XCSwiftPackageProductDependency section */
	};
	rootObject = C1C00DFE2B58547300396FD9 /* Project object */;
}
